
Microsoft Visual Studio Solution File, Format Version 12.00
# Visual Studio Version 17
VisualStudioVersion = 17.3.32922.545
MinimumVisualStudioVersion = 10.0.40219.1
Project("{FAE04EC0-301F-11D3-BF4B-00C04F79EFBC}") = "CreationMode", "CreationMode\CreationMode.csproj", "{83CCBB0F-D152-4721-B394-BC9F7E49B83D}"
EndProject
Global
	GlobalSection(SolutionConfigurationPlatforms) = preSolution
		Debug|Any CPU = Debug|Any CPU
		Release|Any CPU = Release|Any CPU
	EndGlobalSection
	GlobalSection(ProjectConfigurationPlatforms) = postSolution
		{83CCBB0F-D152-4721-B394-BC9F7E49B83D}.Debug|Any CPU.ActiveCfg = Debug|Any CPU
		{83CCBB0F-D152-4721-B394-BC9F7E49B83D}.Debug|Any CPU.Build.0 = Debug|Any CPU
		{83CCBB0F-D152-4721-B394-BC9F7E49B83D}.Release|Any CPU.ActiveCfg = Release|Any CPU
		{83CCBB0F-D152-4721-B394-BC9F7E49B83D}.Release|Any CPU.Build.0 = Release|Any CPU
	EndGlobalSection
	GlobalSection(SolutionProperties) = preSolution
		HideSolutionNode = FALSE
	EndGlobalSection
	GlobalSection(ExtensibilityGlobals) = postSolution
		SolutionGuid = {3FBBBAC6-7F2D-4E88-9B4A-E7802F1249AA}
	EndGlobalSection
EndGlobal
